
Microsoft Visual Studio Solution File, Format Version 12.00
# Visual Studio 15
VisualStudioVersion = 15.0.26730.15
MinimumVisualStudioVersion = 10.0.40219.1
Project("{FAE04EC0-301F-11D3-BF4B-00C04F79EFBC}") = "ZjazureIconGenerator", "ZjazureIconGenerator\ZjazureIconGenerator.csproj", "{8EAAE064-3A6D-4D12-9A7C-ACE6D3F4341D}"
EndProject
Global
	GlobalSection(SolutionConfigurationPlatforms) = preSolution
		Debug|Any CPU = Debug|Any CPU
		Release|Any CPU = Release|Any CPU
	EndGlobalSection
	GlobalSection(ProjectConfigurationPlatforms) = postSolution
		{8EAAE064-3A6D-4D12-9A7C-ACE6D3F4341D}.Debug|Any CPU.ActiveCfg = Debug|Any CPU
		{8EAAE064-3A6D-4D12-9A7C-ACE6D3F4341D}.Debug|Any CPU.Build.0 = Debug|Any CPU
		{8EAAE064-3A6D-4D12-9A7C-ACE6D3F4341D}.Release|Any CPU.ActiveCfg = Release|Any CPU
		{8EAAE064-3A6D-4D12-9A7C-ACE6D3F4341D}.Release|Any CPU.Build.0 = Release|Any CPU
	EndGlobalSection
	GlobalSection(SolutionProperties) = preSolution
		HideSolutionNode = FALSE
	EndGlobalSection
	GlobalSection(ExtensibilityGlobals) = postSolution
		SolutionGuid = {C359D379-5D18-41A2-9912-5E8A995A5246}
	EndGlobalSection
EndGlobal
